// !$*UTF8*$!
{
	archiveVersion = 1;
	classes = {
	};
	objectVersion = 46;
	objects = {

/* Begin PBXBuildFile section */
		894907F1196D4E250010C41A /* AppDelegate.swift in Sources */ = {isa = PBXBuildFile; fileRef = 894907F0196D4E250010C41A /* AppDelegate.swift */; };
		894907F3196D4E250010C41A /* ViewController.swift in Sources */ = {isa = PBXBuildFile; fileRef = 894907F2196D4E250010C41A /* ViewController.swift */; };
		894907F6196D4E250010C41A /* Main.storyboard in Resources */ = {isa = PBXBuildFile; fileRef = 894907F4196D4E250010C41A /* Main.storyboard */; };
		894907F8196D4E250010C41A /* Images.xcassets in Resources */ = {isa = PBXBuildFile; fileRef = 894907F7196D4E250010C41A /* Images.xcassets */; };
		89490804196D4E250010C41A /* StackImplementationTests.swift in Sources */ = {isa = PBXBuildFile; fileRef = 89490803196D4E250010C41A /* StackImplementationTests.swift */; };
		8949080E196D511C0010C41A /* Stack.swift in Sources */ = {isa = PBXBuildFile; fileRef = 8949080D196D511C0010C41A /* Stack.swift */; };
/* End PBXBuildFile section */

/* Begin PBXContainerItemProxy section */
		894907FE196D4E250010C41A /* PBXContainerItemProxy */ = {
			isa = PBXContainerItemProxy;
			containerPortal = 894907E3196D4E240010C41A /* Project object */;
			proxyType = 1;
			remoteGlobalIDString = 894907EA196D4E250010C41A;
			remoteInfo = StackImplementation;
		};
/* End PBXContainerItemProxy section */

/* Begin PBXFileReference section */
		894907EB196D4E250010C41A /* StackImplementation.app */ = {isa = PBXFileReference; explicitFileType = wrapper.application; includeInIndex = 0; path = StackImplementation.app; sourceTree = BUILT_PRODUCTS_DIR; };
		894907EF196D4E250010C41A /* Info.plist */ = {isa = PBXFileReference; lastKnownFileType = text.plist.xml; path = Info.plist; sourceTree = "<group>"; };
		894907F0196D4E250010C41A /* AppDelegate.swift */ = {isa = PBXFileReference; lastKnownFileType = sourcecode.swift; path = AppDelegate.swift; sourceTree = "<group>"; };
		894907F2196D4E250010C41A /* ViewController.swift */ = {isa = PBXFileReference; lastKnownFileType = sourcecode.swift; path = ViewController.swift; sourceTree = "<group>"; };
		894907F5196D4E250010C41A /* Base */ = {isa = PBXFileReference; lastKnownFileType = file.storyboard; name = Base; path = Base.lproj/Main.storyboard; sourceTree = "<group>"; };
		894907F7196D4E250010C41A /* Images.xcassets */ = {isa = PBXFileReference; lastKnownFileType = folder.assetcatalog; path = Images.xcassets; sourceTree = "<group>"; };
		894907FD196D4E250010C41A /* StackImplementationTests.xctest */ = {isa = PBXFileReference; explicitFileType = wrapper.cfbundle; includeInIndex = 0; path = StackImplementationTests.xctest; sourceTree = BUILT_PRODUCTS_DIR; };
		89490802196D4E250010C41A /* Info.plist */ = {isa = PBXFileReference; lastKnownFileType = text.plist.xml; path = Info.plist; sourceTree = "<group>"; };
		89490803196D4E250010C41A /* StackImplementationTests.swift */ = {isa = PBXFileReference; lastKnownFileType = sourcecode.swift; path = StackImplementationTests.swift; sourceTree = "<group>"; };
		8949080D196D511C0010C41A /* Stack.swift */ = {isa = PBXFileReference; fileEncoding = 4; lastKnownFileType = sourcecode.swift; path = Stack.swift; sourceTree = "<group>"; };
/* End PBXFileReference section */

/* Begin PBXFrameworksBuildPhase section */
		894907E8196D4E250010C41A /* Frameworks */ = {
			isa = PBXFrameworksBuildPhase;
			buildActionMask = 2147483647;
			files = (
			);
			runOnlyForDeploymentPostprocessing = 0;
		};
		894907FA196D4E250010C41A /* Frameworks */ = {
			isa = PBXFrameworksBuildPhase;
			buildActionMask = 2147483647;
			files = (
			);
			runOnlyForDeploymentPostprocessing = 0;
		};
/* End PBXFrameworksBuildPhase section */

/* Begin PBXGroup section */
		894907E2196D4E240010C41A = {
			isa = PBXGroup;
			children = (
				894907ED196D4E250010C41A /* StackImplementation */,
				89490800196D4E250010C41A /* StackImplementationTests */,
				894907EC196D4E250010C41A /* Products */,
			);
			sourceTree = "<group>";
		};
		894907EC196D4E250010C41A /* Products */ = {
			isa = PBXGroup;
			children = (
				894907EB196D4E250010C41A /* StackImplementation.app */,
				894907FD196D4E250010C41A /* StackImplementationTests.xctest */,
			);
			name = Products;
			sourceTree = "<group>";
		};
		894907ED196D4E250010C41A /* StackImplementation */ = {
			isa = PBXGroup;
			children = (
				894907F0196D4E250010C41A /* AppDelegate.swift */,
				894907F2196D4E250010C41A /* ViewController.swift */,
				8949080D196D511C0010C41A /* Stack.swift */,
				894907F4196D4E250010C41A /* Main.storyboard */,
				894907F7196D4E250010C41A /* Images.xcassets */,
				894907EE196D4E250010C41A /* Supporting Files */,
			);
			path = StackImplementation;
			sourceTree = "<group>";
		};
		894907EE196D4E250010C41A /* Supporting Files */ = {
			isa = PBXGroup;
			children = (
				894907EF196D4E250010C41A /* Info.plist */,
			);
			name = "Supporting Files";
			sourceTree = "<group>";
		};
		89490800196D4E250010C41A /* StackImplementationTests */ = {
			isa = PBXGroup;
			children = (
				89490803196D4E250010C41A /* StackImplementationTests.swift */,
				89490801196D4E250010C41A /* Supporting Files */,
			);
			path = StackImplementationTests;
			sourceTree = "<group>";
		};
		89490801196D4E250010C41A /* Supporting Files */ = {
			isa = PBXGroup;
			children = (
				89490802196D4E250010C41A /* Info.plist */,
			);
			name = "Supporting Files";
			sourceTree = "<group>";
		};
/* End PBXGroup section */

/* Begin PBXNativeTarget section */
		894907EA196D4E250010C41A /* StackImplementation */ = {
			isa = PBXNativeTarget;
			buildConfigurationList = 89490807196D4E250010C41A /* Build configuration list for PBXNativeTarget "StackImplementation" */;
			buildPhases = (
				894907E7196D4E250010C41A /* Sources */,
				894907E8196D4E250010C41A /* Frameworks */,
				894907E9196D4E250010C41A /* Resources */,
			);
			buildRules = (
			);
			dependencies = (
			);
			name = StackImplementation;
			productName = StackImplementation;
			productReference = 894907EB196D4E250010C41A /* StackImplementation.app */;
			productType = "com.apple.product-type.application";
		};
		894907FC196D4E250010C41A /* StackImplementationTests */ = {
			isa = PBXNativeTarget;
			buildConfigurationList = 8949080A196D4E250010C41A /* Build configuration list for PBXNativeTarget "StackImplementationTests" */;
			buildPhases = (
				894907F9196D4E250010C41A /* Sources */,
				894907FA196D4E250010C41A /* Frameworks */,
				894907FB196D4E250010C41A /* Resources */,
			);
			buildRules = (
			);
			dependencies = (
				894907FF196D4E250010C41A /* PBXTargetDependency */,
			);
			name = StackImplementationTests;
			productName = StackImplementationTests;
			productReference = 894907FD196D4E250010C41A /* StackImplementationTests.xctest */;
			productType = "com.apple.product-type.bundle.unit-test";
		};
/* End PBXNativeTarget section */

/* Begin PBXProject section */
		894907E3196D4E240010C41A /* Project object */ = {
			isa = PBXProject;
			attributes = {
				LastUpgradeCheck = 0600;
				ORGANIZATIONNAME = "Robosoft Technologies";
				TargetAttributes = {
					894907EA196D4E250010C41A = {
						CreatedOnToolsVersion = 6.0;
					};
					894907FC196D4E250010C41A = {
						CreatedOnToolsVersion = 6.0;
						TestTargetID = 894907EA196D4E250010C41A;
					};
				};
			};
			buildConfigurationList = 894907E6196D4E240010C41A /* Build configuration list for PBXProject "StackImplementation" */;
			compatibilityVersion = "Xcode 3.2";
			developmentRegion = English;
			hasScannedForEncodings = 0;
			knownRegions = (
				en,
				Base,
			);
			mainGroup = 894907E2196D4E240010C41A;
			productRefGroup = 894907EC196D4E250010C41A /* Products */;
			projectDirPath = "";
			projectRoot = "";
			targets = (
				894907EA196D4E250010C41A /* StackImplementation */,
				894907FC196D4E250010C41A /* StackImplementationTests */,
			);
		};
/* End PBXProject section */

/* Begin PBXResourcesBuildPhase section */
		894907E9196D4E250010C41A /* Resources */ = {
			isa = PBXResourcesBuildPhase;
			buildActionMask = 2147483647;
			files = (
				894907F6196D4E250010C41A /* Main.storyboard in Resources */,
				894907F8196D4E250010C41A /* Images.xcassets in Resources */,
			);
			runOnlyForDeploymentPostprocessing = 0;
		};
		894907FB196D4E250010C41A /* Resources */ = {
			isa = PBXResourcesBuildPhase;
			buildActionMask = 2147483647;
			files = (
			);
			runOnlyForDeploymentPostprocessing = 0;
		};
/* End PBXResourcesBuildPhase section */

/* Begin PBXSourcesBuildPhase section */
		894907E7196D4E250010C41A /* Sources */ = {
			isa = PBXSourcesBuildPhase;
			buildActionMask = 2147483647;
			files = (
				894907F3196D4E250010C41A /* ViewController.swift in Sources */,
				8949080E196D511C0010C41A /* Stack.swift in Sources */,
				894907F1196D4E250010C41A /* AppDelegate.swift in Sources */,
			);
			runOnlyForDeploymentPostprocessing = 0;
		};
		894907F9196D4E250010C41A /* Sources */ = {
			isa = PBXSourcesBuildPhase;
			buildActionMask = 2147483647;
			files = (
				89490804196D4E250010C41A /* StackImplementationTests.swift in Sources */,
			);
			runOnlyForDeploymentPostprocessing = 0;
		};
/* End PBXSourcesBuildPhase section */

/* Begin PBXTargetDependency section */
		894907FF196D4E250010C41A /* PBXTargetDependency */ = {
			isa = PBXTargetDependency;
			target = 894907EA196D4E250010C41A /* StackImplementation */;
			targetProxy = 894907FE196D4E250010C41A /* PBXContainerItemProxy */;
		};
/* End PBXTargetDependency section */

/* Begin PBXVariantGroup section */
		894907F4196D4E250010C41A /* Main.storyboard */ = {
			isa = PBXVariantGroup;
			children = (
				894907F5196D4E250010C41A /* Base */,
			);
			name = Main.storyboard;
			sourceTree = "<group>";
		};
/* End PBXVariantGroup section */

/* Begin XCBuildConfiguration section */
		89490805196D4E250010C41A /* Debug */ = {
			isa = XCBuildConfiguration;
			buildSettings = {
				ALWAYS_SEARCH_USER_PATHS = NO;
				CLANG_CXX_LANGUAGE_STANDARD = "gnu++0x";
				CLANG_CXX_LIBRARY = "libc++";
				CLANG_ENABLE_MODULES = YES;
				CLANG_ENABLE_OBJC_ARC = YES;
				CLANG_WARN_BOOL_CONVERSION = YES;
				CLANG_WARN_CONSTANT_CONVERSION = YES;
				CLANG_WARN_DIRECT_OBJC_ISA_USAGE = YES_ERROR;
				CLANG_WARN_EMPTY_BODY = YES;
				CLANG_WARN_ENUM_CONVERSION = YES;
				CLANG_WARN_INT_CONVERSION = YES;
				CLANG_WARN_OBJC_ROOT_CLASS = YES_ERROR;
				CLANG_WARN_UNREACHABLE_CODE = YES;
				CLANG_WARN__DUPLICATE_METHOD_MATCH = YES;
				"CODE_SIGN_IDENTITY[sdk=iphoneos*]" = "iPhone Developer";
				COPY_PHASE_STRIP = NO;
				ENABLE_STRICT_OBJC_MSGSEND = YES;
				GCC_C_LANGUAGE_STANDARD = gnu99;
				GCC_DYNAMIC_NO_PIC = NO;
				GCC_OPTIMIZATION_LEVEL = 0;
				GCC_PREPROCESSOR_DEFINITIONS = (
					"DEBUG=1",
					"$(inherited)",
				);
				GCC_SYMBOLS_PRIVATE_EXTERN = NO;
				GCC_WARN_64_TO_32_BIT_CONVERSION = YES;
				GCC_WARN_ABOUT_RETURN_TYPE = YES_ERROR;
				GCC_WARN_UNDECLARED_SELECTOR = YES;
				GCC_WARN_UNINITIALIZED_AUTOS = YES_AGGRESSIVE;
				GCC_WARN_UNUSED_FUNCTION = YES;
				GCC_WARN_UNUSED_VARIABLE = YES;
				IPHONEOS_DEPLOYMENT_TARGET = 8.0;
				METAL_ENABLE_DEBUG_INFO = YES;
				ONLY_ACTIVE_ARCH = YES;
				SDKROOT = iphoneos;
				SWIFT_OPTIMIZATION_LEVEL = "-Onone";
			};
			name = Debug;
		};
		89490806196D4E250010C41A /* Release */ = {
			isa = XCBuildConfiguration;
			buildSettings = {
				ALWAYS_SEARCH_USER_PATHS = NO;
				CLANG_CXX_LANGUAGE_STANDARD = "gnu++0x";
				CLANG_CXX_LIBRARY = "libc++";
				CLANG_ENABLE_MODULES = YES;
				CLANG_ENABLE_OBJC_ARC = YES;
				CLANG_WARN_BOOL_CONVERSION = YES;
				CLANG_WARN_CONSTANT_CONVERSION = YES;
				CLANG_WARN_DIRECT_OBJC_ISA_USAGE = YES_ERROR;
				CLANG_WARN_EMPTY_BODY = YES;
				CLANG_WARN_ENUM_CONVERSION = YES;
				CLANG_WARN_INT_CONVERSION = YES;
				CLANG_WARN_OBJC_ROOT_CLASS = YES_ERROR;
				CLANG_WARN_UNREACHABLE_CODE = YES;
				CLANG_WARN__DUPLICATE_METHOD_MATCH = YES;
				"CODE_SIGN_IDENTITY[sdk=iphoneos*]" = "iPhone Developer";
				COPY_PHASE_STRIP = YES;
				ENABLE_NS_ASSERTIONS = NO;
				ENABLE_STRICT_OBJC_MSGSEND = YES;
				GCC_C_LANGUAGE_STANDARD = gnu99;
				GCC_WARN_64_TO_32_BIT_CONVERSION = YES;
				GCC_WARN_ABOUT_RETURN_TYPE = YES_ERROR;
				GCC_WARN_UNDECLARED_SELECTOR = YES;
				GCC_WARN_UNINITIALIZED_AUTOS = YES_AGGRESSIVE;
				GCC_WARN_UNUSED_FUNCTION = YES;
				GCC_WARN_UNUSED_VARIABLE = YES;
				IPHONEOS_DEPLOYMENT_TARGET = 8.0;
				METAL_ENABLE_DEBUG_INFO = NO;
				SDKROOT = iphoneos;
				VALIDATE_PRODUCT = YES;
			};
			name = Release;
		};
		89490808196D4E250010C41A /* Debug */ = {
			isa = XCBuildConfiguration;
			buildSettings = {
				ASSETCATALOG_COMPILER_APPICON_NAME = AppIcon;
				ASSETCATALOG_COMPILER_LAUNCHIMAGE_NAME = LaunchImage;
				INFOPLIST_FILE = StackImplementation/Info.plist;
				LD_RUNPATH_SEARCH_PATHS = "$(inherited) @executable_path/Frameworks";
				PRODUCT_NAME = "$(TARGET_NAME)";
			};
			name = Debug;
		};
		89490809196D4E250010C41A /* Release */ = {
			isa = XCBuildConfiguration;
			buildSettings = {
				ASSETCATALOG_COMPILER_APPICON_NAME = AppIcon;
				ASSETCATALOG_COMPILER_LAUNCHIMAGE_NAME = LaunchImage;
				INFOPLIST_FILE = StackImplementation/Info.plist;
				LD_RUNPATH_SEARCH_PATHS = "$(inherited) @executable_path/Frameworks";
				PRODUCT_NAME = "$(TARGET_NAME)";
			};
			name = Release;
		};
		8949080B196D4E250010C41A /* Debug */ = {
			isa = XCBuildConfiguration;
			buildSettings = {
				BUNDLE_LOADER = "$(BUILT_PRODUCTS_DIR)/StackImplementation.app/StackImplementation";
				FRAMEWORK_SEARCH_PATHS = (
					"$(SDKROOT)/Developer/Library/Frameworks",
					"$(inherited)",
				);
				GCC_PREPROCESSOR_DEFINITIONS = (
					"DEBUG=1",
					"$(inherited)",
				);
				INFOPLIST_FILE = StackImplementationTests/Info.plist;
				LD_RUNPATH_SEARCH_PATHS = "$(inherited) @executable_path/Frameworks @loader_path/Frameworks";
				METAL_ENABLE_DEBUG_INFO = YES;
				PRODUCT_NAME = "$(TARGET_NAME)";
				TEST_HOST = "$(BUNDLE_LOADER)";
			};
			name = Debug;
		};
		8949080C196D4E250010C41A /* Release */ = {
			isa = XCBuildConfiguration;
			buildSettings = {
				BUNDLE_LOADER = "$(BUILT_PRODUCTS_DIR)/StackImplementation.app/StackImplementation";
				FRAMEWORK_SEARCH_PATHS = (
					"$(SDKROOT)/Developer/Library/Frameworks",
					"$(inherited)",
				);
				INFOPLIST_FILE = StackImplementationTests/Info.plist;
				LD_RUNPATH_SEARCH_PATHS = "$(inherited) @executable_path/Frameworks @loader_path/Frameworks";
				METAL_ENABLE_DEBUG_INFO = NO;
				PRODUCT_NAME = "$(TARGET_NAME)";
				TEST_HOST = "$(BUNDLE_LOADER)";
			};
			name = Release;
		};
/* End XCBuildConfiguration section */

/* Begin XCConfigurationList section */
		894907E6196D4E240010C41A /* Build configuration list for PBXProject "StackImplementation" */ = {
			isa = XCConfigurationList;
			buildConfigurations = (
				89490805196D4E250010C41A /* Debug */,
				89490806196D4E250010C41A /* Release */,
			);
			defaultConfigurationIsVisible = 0;
			defaultConfigurationName = Release;
		};
		89490807196D4E250010C41A /* Build configuration list for PBXNativeTarget "StackImplementation" */ = {
			isa = XCConfigurationList;
			buildConfigurations = (
				89490808196D4E250010C41A /* Debug */,
				89490809196D4E250010C41A /* Release */,
			);
			defaultConfigurationIsVisible = 0;
		};
		8949080A196D4E250010C41A /* Build configuration list for PBXNativeTarget "StackImplementationTests" */ = {
			isa = XCConfigurationList;
			buildConfigurations = (
				8949080B196D4E250010C41A /* Debug */,
				8949080C196D4E250010C41A /* Release */,
			);
			defaultConfigurationIsVisible = 0;
		};
/* End XCConfigurationList section */
	};
	rootObject = 894907E3196D4E240010C41A /* Project object */;
}
